// !$*UTF8*$!
{
	archiveVersion = 1;
	classes = {
	};
	objectVersion = 46;
	objects = {

/* Begin PBXBuildFile section */
		276B674D1AC0CBE700F9A222 /* main.m in Sources */ = {isa = PBXBuildFile; fileRef = 276B674C1AC0CBE700F9A222 /* main.m */; };
		276B67501AC0CBE700F9A222 /* AppDelegate.m in Sources */ = {isa = PBXBuildFile; fileRef = 276B674F1AC0CBE700F9A222 /* AppDelegate.m */; };
		276B67521AC0CBE700F9A222 /* Images.xcassets in Resources */ = {isa = PBXBuildFile; fileRef = 276B67511AC0CBE700F9A222 /* Images.xcassets */; };
		276B67551AC0CBE700F9A222 /* LaunchScreen.xib in Resources */ = {isa = PBXBuildFile; fileRef = 276B67531AC0CBE700F9A222 /* LaunchScreen.xib */; };
		276B676E1AC0CC1B00F9A222 /* Genome.m in Sources */ = {isa = PBXBuildFile; fileRef = 276B676D1AC0CC1B00F9A222 /* Genome.m */; };
		276B67711AC0CC2200F9A222 /* Population.m in Sources */ = {isa = PBXBuildFile; fileRef = 276B67701AC0CC2200F9A222 /* Population.m */; };
		276B67741AC0CC3200F9A222 /* Random.m in Sources */ = {isa = PBXBuildFile; fileRef = 276B67731AC0CC3200F9A222 /* Random.m */; };
		276B67771AC0CC5500F9A222 /* Organism.m in Sources */ = {isa = PBXBuildFile; fileRef = 276B67761AC0CC5500F9A222 /* Organism.m */; };
		27CC1D521AE2F2D100CAA20E /* WeaselProgramViewController.m in Sources */ = {isa = PBXBuildFile; fileRef = 27CC1D511AE2F2D100CAA20E /* WeaselProgramViewController.m */; };
		27DE3BBA1AE5C9CD00499D8D /* EvolutionManager.m in Sources */ = {isa = PBXBuildFile; fileRef = 27DE3BB91AE5C9CD00499D8D /* EvolutionManager.m */; };
		27DE3BBC1AE5E5AE00499D8D /* RandomTests.m in Sources */ = {isa = PBXBuildFile; fileRef = 27DE3BBB1AE5E5AE00499D8D /* RandomTests.m */; };
		27DE3BBE1AE5F29F00499D8D /* GenomeTests.m in Sources */ = {isa = PBXBuildFile; fileRef = 27DE3BBD1AE5F29F00499D8D /* GenomeTests.m */; };
		27DE3BC01AE5F6DE00499D8D /* OrganismTests.m in Sources */ = {isa = PBXBuildFile; fileRef = 27DE3BBF1AE5F6DE00499D8D /* OrganismTests.m */; };
		27DE3BC21AE5FFB700499D8D /* PopulationTests.m in Sources */ = {isa = PBXBuildFile; fileRef = 27DE3BC11AE5FFB700499D8D /* PopulationTests.m */; };
		27DE3BC41AE602F900499D8D /* EvolutionManagerTests.m in Sources */ = {isa = PBXBuildFile; fileRef = 27DE3BC31AE602F900499D8D /* EvolutionManagerTests.m */; };
/* End PBXBuildFile section */

/* Begin PBXContainerItemProxy section */
		276B675B1AC0CBE700F9A222 /* PBXContainerItemProxy */ = {
			isa = PBXContainerItemProxy;
			containerPortal = 276B673F1AC0CBE700F9A222 /* Project object */;
			proxyType = 1;
			remoteGlobalIDString = 276B67461AC0CBE700F9A222;
			remoteInfo = Evolve;
		};
/* End PBXContainerItemProxy section */

/* Begin PBXFileReference section */
		276B67471AC0CBE700F9A222 /* Evolve.app */ = {isa = PBXFileReference; explicitFileType = wrapper.application; includeInIndex = 0; path = Evolve.app; sourceTree = BUILT_PRODUCTS_DIR; };
		276B674B1AC0CBE700F9A222 /* Info.plist */ = {isa = PBXFileReference; lastKnownFileType = text.plist.xml; path = Info.plist; sourceTree = "<group>"; };
		276B674C1AC0CBE700F9A222 /* main.m */ = {isa = PBXFileReference; lastKnownFileType = sourcecode.c.objc; path = main.m; sourceTree = "<group>"; };
		276B674E1AC0CBE700F9A222 /* AppDelegate.h */ = {isa = PBXFileReference; lastKnownFileType = sourcecode.c.h; path = AppDelegate.h; sourceTree = "<group>"; };
		276B674F1AC0CBE700F9A222 /* AppDelegate.m */ = {isa = PBXFileReference; lastKnownFileType = sourcecode.c.objc; path = AppDelegate.m; sourceTree = "<group>"; };
		276B67511AC0CBE700F9A222 /* Images.xcassets */ = {isa = PBXFileReference; lastKnownFileType = folder.assetcatalog; path = Images.xcassets; sourceTree = "<group>"; };
		276B67541AC0CBE700F9A222 /* Base */ = {isa = PBXFileReference; lastKnownFileType = file.xib; name = Base; path = Base.lproj/LaunchScreen.xib; sourceTree = "<group>"; };
		276B675A1AC0CBE700F9A222 /* EvolveTests.xctest */ = {isa = PBXFileReference; explicitFileType = wrapper.cfbundle; includeInIndex = 0; path = EvolveTests.xctest; sourceTree = BUILT_PRODUCTS_DIR; };
		276B675F1AC0CBE700F9A222 /* Info.plist */ = {isa = PBXFileReference; lastKnownFileType = text.plist.xml; path = Info.plist; sourceTree = "<group>"; };
		276B676C1AC0CC1B00F9A222 /* Genome.h */ = {isa = PBXFileReference; fileEncoding = 4; lastKnownFileType = sourcecode.c.h; path = Genome.h; sourceTree = "<group>"; };
		276B676D1AC0CC1B00F9A222 /* Genome.m */ = {isa = PBXFileReference; fileEncoding = 4; lastKnownFileType = sourcecode.c.objc; path = Genome.m; sourceTree = "<group>"; };
		276B676F1AC0CC2200F9A222 /* Population.h */ = {isa = PBXFileReference; fileEncoding = 4; lastKnownFileType = sourcecode.c.h; path = Population.h; sourceTree = "<group>"; };
		276B67701AC0CC2200F9A222 /* Population.m */ = {isa = PBXFileReference; fileEncoding = 4; lastKnownFileType = sourcecode.c.objc; path = Population.m; sourceTree = "<group>"; };
		276B67721AC0CC3200F9A222 /* Random.h */ = {isa = PBXFileReference; fileEncoding = 4; lastKnownFileType = sourcecode.c.h; path = Random.h; sourceTree = "<group>"; };
		276B67731AC0CC3200F9A222 /* Random.m */ = {isa = PBXFileReference; fileEncoding = 4; lastKnownFileType = sourcecode.c.objc; path = Random.m; sourceTree = "<group>"; };
		276B67751AC0CC5500F9A222 /* Organism.h */ = {isa = PBXFileReference; fileEncoding = 4; lastKnownFileType = sourcecode.c.h; path = Organism.h; sourceTree = "<group>"; };
		276B67761AC0CC5500F9A222 /* Organism.m */ = {isa = PBXFileReference; fileEncoding = 4; lastKnownFileType = sourcecode.c.objc; path = Organism.m; sourceTree = "<group>"; };
		27CC1D501AE2F2D100CAA20E /* WeaselProgramViewController.h */ = {isa = PBXFileReference; fileEncoding = 4; lastKnownFileType = sourcecode.c.h; path = WeaselProgramViewController.h; sourceTree = "<group>"; };
		27CC1D511AE2F2D100CAA20E /* WeaselProgramViewController.m */ = {isa = PBXFileReference; fileEncoding = 4; lastKnownFileType = sourcecode.c.objc; path = WeaselProgramViewController.m; sourceTree = "<group>"; };
		27DE3BB81AE5C9CD00499D8D /* EvolutionManager.h */ = {isa = PBXFileReference; fileEncoding = 4; lastKnownFileType = sourcecode.c.h; path = EvolutionManager.h; sourceTree = "<group>"; };
		27DE3BB91AE5C9CD00499D8D /* EvolutionManager.m */ = {isa = PBXFileReference; fileEncoding = 4; lastKnownFileType = sourcecode.c.objc; path = EvolutionManager.m; sourceTree = "<group>"; };
		27DE3BBB1AE5E5AE00499D8D /* RandomTests.m */ = {isa = PBXFileReference; fileEncoding = 4; lastKnownFileType = sourcecode.c.objc; path = RandomTests.m; sourceTree = "<group>"; };
		27DE3BBD1AE5F29F00499D8D /* GenomeTests.m */ = {isa = PBXFileReference; fileEncoding = 4; lastKnownFileType = sourcecode.c.objc; path = GenomeTests.m; sourceTree = "<group>"; };
		27DE3BBF1AE5F6DE00499D8D /* OrganismTests.m */ = {isa = PBXFileReference; fileEncoding = 4; lastKnownFileType = sourcecode.c.objc; path = OrganismTests.m; sourceTree = "<group>"; };
		27DE3BC11AE5FFB700499D8D /* PopulationTests.m */ = {isa = PBXFileReference; fileEncoding = 4; lastKnownFileType = sourcecode.c.objc; path = PopulationTests.m; sourceTree = "<group>"; };
		27DE3BC31AE602F900499D8D /* EvolutionManagerTests.m */ = {isa = PBXFileReference; fileEncoding = 4; lastKnownFileType = sourcecode.c.objc; path = EvolutionManagerTests.m; sourceTree = "<group>"; };
/* End PBXFileReference section */

/* Begin PBXFrameworksBuildPhase section */
		276B67441AC0CBE700F9A222 /* Frameworks */ = {
			isa = PBXFrameworksBuildPhase;
			buildActionMask = 2147483647;
			files = (
			);
			runOnlyForDeploymentPostprocessing = 0;
		};
		276B67571AC0CBE700F9A222 /* Frameworks */ = {
			isa = PBXFrameworksBuildPhase;
			buildActionMask = 2147483647;
			files = (
			);
			runOnlyForDeploymentPostprocessing = 0;
		};
/* End PBXFrameworksBuildPhase section */

/* Begin PBXGroup section */
		276B673E1AC0CBE700F9A222 = {
			isa = PBXGroup;
			children = (
				276B676A1AC0CBEE00F9A222 /* Source */,
				276B675D1AC0CBE700F9A222 /* EvolveTests */,
				276B67491AC0CBE700F9A222 /* Demo */,
			);
			sourceTree = "<group>";
		};
		276B67481AC0CBE700F9A222 /* Products */ = {
			isa = PBXGroup;
			children = (
				276B67471AC0CBE700F9A222 /* Evolve.app */,
				276B675A1AC0CBE700F9A222 /* EvolveTests.xctest */,
			);
			path = Products;
			sourceTree = "<group>";
		};
		276B67491AC0CBE700F9A222 /* Demo */ = {
			isa = PBXGroup;
			children = (
				276B674E1AC0CBE700F9A222 /* AppDelegate.h */,
				276B674F1AC0CBE700F9A222 /* AppDelegate.m */,
				27CC1D501AE2F2D100CAA20E /* WeaselProgramViewController.h */,
				27CC1D511AE2F2D100CAA20E /* WeaselProgramViewController.m */,
				276B676B1AC0CC0900F9A222 /* Other */,
			);
			path = Demo;
			sourceTree = "<group>";
		};
		276B674A1AC0CBE700F9A222 /* Supporting Files */ = {
			isa = PBXGroup;
			children = (
				276B674B1AC0CBE700F9A222 /* Info.plist */,
				276B674C1AC0CBE700F9A222 /* main.m */,
			);
			path = "Supporting Files";
			sourceTree = "<group>";
		};
		276B675D1AC0CBE700F9A222 /* EvolveTests */ = {
			isa = PBXGroup;
			children = (
				27DE3BC31AE602F900499D8D /* EvolutionManagerTests.m */,
				27DE3BC11AE5FFB700499D8D /* PopulationTests.m */,
				27DE3BBF1AE5F6DE00499D8D /* OrganismTests.m */,
				27DE3BBD1AE5F29F00499D8D /* GenomeTests.m */,
				27DE3BBB1AE5E5AE00499D8D /* RandomTests.m */,
				276B675E1AC0CBE700F9A222 /* Supporting Files */,
			);
			path = EvolveTests;
			sourceTree = "<group>";
		};
		276B675E1AC0CBE700F9A222 /* Supporting Files */ = {
			isa = PBXGroup;
			children = (
				276B675F1AC0CBE700F9A222 /* Info.plist */,
			);
			path = "Supporting Files";
			sourceTree = "<group>";
		};
		276B676A1AC0CBEE00F9A222 /* Source */ = {
			isa = PBXGroup;
			children = (
				27DE3BB81AE5C9CD00499D8D /* EvolutionManager.h */,
				27DE3BB91AE5C9CD00499D8D /* EvolutionManager.m */,
				276B676F1AC0CC2200F9A222 /* Population.h */,
				276B67701AC0CC2200F9A222 /* Population.m */,
				276B67751AC0CC5500F9A222 /* Organism.h */,
				276B67761AC0CC5500F9A222 /* Organism.m */,
				276B676C1AC0CC1B00F9A222 /* Genome.h */,
				276B676D1AC0CC1B00F9A222 /* Genome.m */,
				276B67721AC0CC3200F9A222 /* Random.h */,
				276B67731AC0CC3200F9A222 /* Random.m */,
			);
			path = Source;
			sourceTree = "<group>";
		};
		276B676B1AC0CC0900F9A222 /* Other */ = {
			isa = PBXGroup;
			children = (
				276B67511AC0CBE700F9A222 /* Images.xcassets */,
				276B67531AC0CBE700F9A222 /* LaunchScreen.xib */,
				276B674A1AC0CBE700F9A222 /* Supporting Files */,
				276B67481AC0CBE700F9A222 /* Products */,
			);
			path = Other;
			sourceTree = "<group>";
		};
/* End PBXGroup section */

/* Begin PBXNativeTarget section */
		276B67461AC0CBE700F9A222 /* Evolve */ = {
			isa = PBXNativeTarget;
			buildConfigurationList = 276B67641AC0CBE700F9A222 /* Build configuration list for PBXNativeTarget "Evolve" */;
			buildPhases = (
				276B67431AC0CBE700F9A222 /* Sources */,
				276B67441AC0CBE700F9A222 /* Frameworks */,
				276B67451AC0CBE700F9A222 /* Resources */,
			);
			buildRules = (
			);
			dependencies = (
			);
			name = Evolve;
			productName = Evolve;
			productReference = 276B67471AC0CBE700F9A222 /* Evolve.app */;
			productType = "com.apple.product-type.application";
		};
		276B67591AC0CBE700F9A222 /* EvolveTests */ = {
			isa = PBXNativeTarget;
			buildConfigurationList = 276B67671AC0CBE700F9A222 /* Build configuration list for PBXNativeTarget "EvolveTests" */;
			buildPhases = (
				276B67561AC0CBE700F9A222 /* Sources */,
				276B67571AC0CBE700F9A222 /* Frameworks */,
				276B67581AC0CBE700F9A222 /* Resources */,
			);
			buildRules = (
			);
			dependencies = (
				276B675C1AC0CBE700F9A222 /* PBXTargetDependency */,
			);
			name = EvolveTests;
			productName = EvolveTests;
			productReference = 276B675A1AC0CBE700F9A222 /* EvolveTests.xctest */;
			productType = "com.apple.product-type.bundle.unit-test";
		};
/* End PBXNativeTarget section */

/* Begin PBXProject section */
		276B673F1AC0CBE700F9A222 /* Project object */ = {
			isa = PBXProject;
			attributes = {
				LastUpgradeCheck = 0600;
				ORGANIZATIONNAME = "Mike Amaral";
				TargetAttributes = {
					276B67461AC0CBE700F9A222 = {
						CreatedOnToolsVersion = 6.0;
					};
					276B67591AC0CBE700F9A222 = {
						CreatedOnToolsVersion = 6.0;
						TestTargetID = 276B67461AC0CBE700F9A222;
					};
				};
			};
			buildConfigurationList = 276B67421AC0CBE700F9A222 /* Build configuration list for PBXProject "Evolve" */;
			compatibilityVersion = "Xcode 3.2";
			developmentRegion = English;
			hasScannedForEncodings = 0;
			knownRegions = (
				en,
				Base,
			);
			mainGroup = 276B673E1AC0CBE700F9A222;
			productRefGroup = 276B67481AC0CBE700F9A222 /* Products */;
			projectDirPath = "";
			projectRoot = "";
			targets = (
				276B67461AC0CBE700F9A222 /* Evolve */,
				276B67591AC0CBE700F9A222 /* EvolveTests */,
			);
		};
/* End PBXProject section */

/* Begin PBXResourcesBuildPhase section */
		276B67451AC0CBE700F9A222 /* Resources */ = {
			isa = PBXResourcesBuildPhase;
			buildActionMask = 2147483647;
			files = (
				276B67551AC0CBE700F9A222 /* LaunchScreen.xib in Resources */,
				276B67521AC0CBE700F9A222 /* Images.xcassets in Resources */,
			);
			runOnlyForDeploymentPostprocessing = 0;
		};
		276B67581AC0CBE700F9A222 /* Resources */ = {
			isa = PBXResourcesBuildPhase;
			buildActionMask = 2147483647;
			files = (
			);
			runOnlyForDeploymentPostprocessing = 0;
		};
/* End PBXResourcesBuildPhase section */

/* Begin PBXSourcesBuildPhase section */
		276B67431AC0CBE700F9A222 /* Sources */ = {
			isa = PBXSourcesBuildPhase;
			buildActionMask = 2147483647;
			files = (
				276B67501AC0CBE700F9A222 /* AppDelegate.m in Sources */,
				276B67771AC0CC5500F9A222 /* Organism.m in Sources */,
				27CC1D521AE2F2D100CAA20E /* WeaselProgramViewController.m in Sources */,
				276B674D1AC0CBE700F9A222 /* main.m in Sources */,
				276B67711AC0CC2200F9A222 /* Population.m in Sources */,
				27DE3BBA1AE5C9CD00499D8D /* EvolutionManager.m in Sources */,
				276B676E1AC0CC1B00F9A222 /* Genome.m in Sources */,
				276B67741AC0CC3200F9A222 /* Random.m in Sources */,
			);
			runOnlyForDeploymentPostprocessing = 0;
		};
		276B67561AC0CBE700F9A222 /* Sources */ = {
			isa = PBXSourcesBuildPhase;
			buildActionMask = 2147483647;
			files = (
				27DE3BBC1AE5E5AE00499D8D /* RandomTests.m in Sources */,
				27DE3BC01AE5F6DE00499D8D /* OrganismTests.m in Sources */,
				27DE3BC21AE5FFB700499D8D /* PopulationTests.m in Sources */,
				27DE3BBE1AE5F29F00499D8D /* GenomeTests.m in Sources */,
				27DE3BC41AE602F900499D8D /* EvolutionManagerTests.m in Sources */,
			);
			runOnlyForDeploymentPostprocessing = 0;
		};
/* End PBXSourcesBuildPhase section */

/* Begin PBXTargetDependency section */
		276B675C1AC0CBE700F9A222 /* PBXTargetDependency */ = {
			isa = PBXTargetDependency;
			target = 276B67461AC0CBE700F9A222 /* Evolve */;
			targetProxy = 276B675B1AC0CBE700F9A222 /* PBXContainerItemProxy */;
		};
/* End PBXTargetDependency section */

/* Begin PBXVariantGroup section */
		276B67531AC0CBE700F9A222 /* LaunchScreen.xib */ = {
			isa = PBXVariantGroup;
			children = (
				276B67541AC0CBE700F9A222 /* Base */,
			);
			name = LaunchScreen.xib;
			path = .;
			sourceTree = "<group>";
		};
/* End PBXVariantGroup section */

/* Begin XCBuildConfiguration section */
		276B67621AC0CBE700F9A222 /* Debug */ = {
			isa = XCBuildConfiguration;
			buildSettings = {
				ALWAYS_SEARCH_USER_PATHS = NO;
				CLANG_CXX_LANGUAGE_STANDARD = "gnu++0x";
				CLANG_CXX_LIBRARY = "libc++";
				CLANG_ENABLE_MODULES = YES;
				CLANG_ENABLE_OBJC_ARC = YES;
				CLANG_WARN_BOOL_CONVERSION = YES;
				CLANG_WARN_CONSTANT_CONVERSION = YES;
				CLANG_WARN_DIRECT_OBJC_ISA_USAGE = YES_ERROR;
				CLANG_WARN_EMPTY_BODY = YES;
				CLANG_WARN_ENUM_CONVERSION = YES;
				CLANG_WARN_INT_CONVERSION = YES;
				CLANG_WARN_OBJC_ROOT_CLASS = YES_ERROR;
				CLANG_WARN_UNREACHABLE_CODE = YES;
				CLANG_WARN__DUPLICATE_METHOD_MATCH = YES;
				"CODE_SIGN_IDENTITY[sdk=iphoneos*]" = "iPhone Developer";
				COPY_PHASE_STRIP = NO;
				ENABLE_STRICT_OBJC_MSGSEND = YES;
				GCC_C_LANGUAGE_STANDARD = gnu99;
				GCC_DYNAMIC_NO_PIC = NO;
				GCC_OPTIMIZATION_LEVEL = 0;
				GCC_PREPROCESSOR_DEFINITIONS = (
					"DEBUG=1",
					"$(inherited)",
				);
				GCC_SYMBOLS_PRIVATE_EXTERN = NO;
				GCC_WARN_64_TO_32_BIT_CONVERSION = YES;
				GCC_WARN_ABOUT_RETURN_TYPE = YES_ERROR;
				GCC_WARN_UNDECLARED_SELECTOR = YES;
				GCC_WARN_UNINITIALIZED_AUTOS = YES_AGGRESSIVE;
				GCC_WARN_UNUSED_FUNCTION = YES;
				GCC_WARN_UNUSED_VARIABLE = YES;
				IPHONEOS_DEPLOYMENT_TARGET = 8.0;
				MTL_ENABLE_DEBUG_INFO = YES;
				ONLY_ACTIVE_ARCH = YES;
				SDKROOT = iphoneos;
				TARGETED_DEVICE_FAMILY = "1,2";
			};
			name = Debug;
		};
		276B67631AC0CBE700F9A222 /* Release */ = {
			isa = XCBuildConfiguration;
			buildSettings = {
				ALWAYS_SEARCH_USER_PATHS = NO;
				CLANG_CXX_LANGUAGE_STANDARD = "gnu++0x";
				CLANG_CXX_LIBRARY = "libc++";
				CLANG_ENABLE_MODULES = YES;
				CLANG_ENABLE_OBJC_ARC = YES;
				CLANG_WARN_BOOL_CONVERSION = YES;
				CLANG_WARN_CONSTANT_CONVERSION = YES;
				CLANG_WARN_DIRECT_OBJC_ISA_USAGE = YES_ERROR;
				CLANG_WARN_EMPTY_BODY = YES;
				CLANG_WARN_ENUM_CONVERSION = YES;
				CLANG_WARN_INT_CONVERSION = YES;
				CLANG_WARN_OBJC_ROOT_CLASS = YES_ERROR;
				CLANG_WARN_UNREACHABLE_CODE = YES;
				CLANG_WARN__DUPLICATE_METHOD_MATCH = YES;
				"CODE_SIGN_IDENTITY[sdk=iphoneos*]" = "iPhone Developer";
				COPY_PHASE_STRIP = YES;
				ENABLE_NS_ASSERTIONS = NO;
				ENABLE_STRICT_OBJC_MSGSEND = YES;
				GCC_C_LANGUAGE_STANDARD = gnu99;
				GCC_WARN_64_TO_32_BIT_CONVERSION = YES;
				GCC_WARN_ABOUT_RETURN_TYPE = YES_ERROR;
				GCC_WARN_UNDECLARED_SELECTOR = YES;
				GCC_WARN_UNINITIALIZED_AUTOS = YES_AGGRESSIVE;
				GCC_WARN_UNUSED_FUNCTION = YES;
				GCC_WARN_UNUSED_VARIABLE = YES;
				IPHONEOS_DEPLOYMENT_TARGET = 8.0;
				MTL_ENABLE_DEBUG_INFO = NO;
				SDKROOT = iphoneos;
				TARGETED_DEVICE_FAMILY = "1,2";
				VALIDATE_PRODUCT = YES;
			};
			name = Release;
		};
		276B67651AC0CBE700F9A222 /* Debug */ = {
			isa = XCBuildConfiguration;
			buildSettings = {
				ASSETCATALOG_COMPILER_APPICON_NAME = AppIcon;
				GCC_GENERATE_TEST_COVERAGE_FILES = YES;
				GCC_INSTRUMENT_PROGRAM_FLOW_ARCS = YES;
				INFOPLIST_FILE = "Demo/Other/Supporting Files/Info.plist";
				LD_RUNPATH_SEARCH_PATHS = "$(inherited) @executable_path/Frameworks";
				PRODUCT_NAME = "$(TARGET_NAME)";
			};
			name = Debug;
		};
		276B67661AC0CBE700F9A222 /* Release */ = {
			isa = XCBuildConfiguration;
			buildSettings = {
				ASSETCATALOG_COMPILER_APPICON_NAME = AppIcon;
				GCC_GENERATE_TEST_COVERAGE_FILES = YES;
				GCC_INSTRUMENT_PROGRAM_FLOW_ARCS = YES;
				INFOPLIST_FILE = "Demo/Other/Supporting Files/Info.plist";
				LD_RUNPATH_SEARCH_PATHS = "$(inherited) @executable_path/Frameworks";
				PRODUCT_NAME = "$(TARGET_NAME)";
			};
			name = Release;
		};
		276B67681AC0CBE700F9A222 /* Debug */ = {
			isa = XCBuildConfiguration;
			buildSettings = {
				BUNDLE_LOADER = "$(TEST_HOST)";
				FRAMEWORK_SEARCH_PATHS = (
					"$(SDKROOT)/Developer/Library/Frameworks",
					"$(inherited)",
				);
				GCC_PREPROCESSOR_DEFINITIONS = (
					"DEBUG=1",
					"$(inherited)",
				);
				INFOPLIST_FILE = "EvolveTests/Supporting Files/Info.plist";
				LD_RUNPATH_SEARCH_PATHS = "$(inherited) @executable_path/Frameworks @loader_path/Frameworks";
				PRODUCT_NAME = "$(TARGET_NAME)";
				TEST_HOST = "$(BUILT_PRODUCTS_DIR)/Evolve.app/Evolve";
			};
			name = Debug;
		};
		276B67691AC0CBE700F9A222 /* Release */ = {
			isa = XCBuildConfiguration;
			buildSettings = {
				BUNDLE_LOADER = "$(TEST_HOST)";
				FRAMEWORK_SEARCH_PATHS = (
					"$(SDKROOT)/Developer/Library/Frameworks",
					"$(inherited)",
				);
				INFOPLIST_FILE = "EvolveTests/Supporting Files/Info.plist";
				LD_RUNPATH_SEARCH_PATHS = "$(inherited) @executable_path/Frameworks @loader_path/Frameworks";
				PRODUCT_NAME = "$(TARGET_NAME)";
				TEST_HOST = "$(BUILT_PRODUCTS_DIR)/Evolve.app/Evolve";
			};
			name = Release;
		};
/* End XCBuildConfiguration section */

/* Begin XCConfigurationList section */
		276B67421AC0CBE700F9A222 /* Build configuration list for PBXProject "Evolve" */ = {
			isa = XCConfigurationList;
			buildConfigurations = (
				276B67621AC0CBE700F9A222 /* Debug */,
				276B67631AC0CBE700F9A222 /* Release */,
			);
			defaultConfigurationIsVisible = 0;
			defaultConfigurationName = Release;
		};
		276B67641AC0CBE700F9A222 /* Build configuration list for PBXNativeTarget "Evolve" */ = {
			isa = XCConfigurationList;
			buildConfigurations = (
				276B67651AC0CBE700F9A222 /* Debug */,
				276B67661AC0CBE700F9A222 /* Release */,
			);
			defaultConfigurationIsVisible = 0;
			defaultConfigurationName = Release;
		};
		276B67671AC0CBE700F9A222 /* Build configuration list for PBXNativeTarget "EvolveTests" */ = {
			isa = XCConfigurationList;
			buildConfigurations = (
				276B67681AC0CBE700F9A222 /* Debug */,
				276B67691AC0CBE700F9A222 /* Release */,
			);
			defaultConfigurationIsVisible = 0;
			defaultConfigurationName = Release;
		};
/* End XCConfigurationList section */
	};
	rootObject = 276B673F1AC0CBE700F9A222 /* Project object */;
}
